lockfileVersion: 5.4

specifiers:
  '@babel/plugin-syntax-object-rest-spread': ^7.8.3
  google-maps-react-markers: link:..
  react: link:../node_modules/react
  react-dom: link:../node_modules/react-dom
  react-scripts: link:../node_modules/react-scripts

dependencies:
  google-maps-react-markers: link:..
  react: link:../node_modules/react
  react-dom: link:../node_modules/react-dom
  react-scripts: link:../node_modules/react-scripts

devDependencies:
  '@babel/plugin-syntax-object-rest-spread': 7.8.3

packages:

  /@babel/helper-plugin-utils/7.20.2:
    resolution: {integrity: sha512-8RvlJG2mj4huQ4pZ+rU9lqKi9ZKiRmuvGuM2HlWmkmgOhbs6zEAw6IEiJ5cQqGbDzGZOhwuOQNtZMi/ENLjZoQ==}
    engines: {node: '>=6.9.0'}
    dev: true

  /@babel/plugin-syntax-object-rest-spread/7.8.3:
    resolution: {integrity: sha512-XoqMijGZb9y3y2XskN+P1wUGiVwWZ5JmoDRwx5+3GmEplNyVM2s2Dg8ILFQm8rWM48orGy5YpI5Bl8U1y7ydlA==}
    peerDependencies:
      '@babel/core': ^7.0.0-0
    dependencies:
      '@babel/helper-plugin-utils': 7.20.2
    dev: true
